// !$*UTF8*$!
{
	archiveVersion = 1;
	classes = {
	};
	objectVersion = 52;
	objects = {

/* Begin PBXBuildFile section */
		3B15EDA5237E035A008C54AF /* GridHeaderView.swift in Sources */ = {isa = PBXBuildFile; fileRef = 3B15EDA4237E035A008C54AF /* GridHeaderView.swift */; };
		3B15EDA7237E4275008C54AF /* AdaptableColorModels.swift in Sources */ = {isa = PBXBuildFile; fileRef = 3B15EDA6237E4275008C54AF /* AdaptableColorModels.swift */; };
		3B189383237B624400B097E2 /* SwiftUIColorModels.swift in Sources */ = {isa = PBXBuildFile; fileRef = 3B189382237B624400B097E2 /* SwiftUIColorModels.swift */; };
		3B2A482723A9C353004F2C8C /* SupportedOSTagView.swift in Sources */ = {isa = PBXBuildFile; fileRef = 3B2A482623A9C353004F2C8C /* SupportedOSTagView.swift */; };
		3B2A482923A9C386004F2C8C /* SupportedOSOptions.swift in Sources */ = {isa = PBXBuildFile; fileRef = 3B2A482823A9C386004F2C8C /* SupportedOSOptions.swift */; };
		3B2C7EAA239AD66700F23ED0 /* TVAppDelegate.swift in Sources */ = {isa = PBXBuildFile; fileRef = 3B2C7EA9239AD66700F23ED0 /* TVAppDelegate.swift */; };
		3B2C7EB4239AD66800F23ED0 /* LaunchScreen.storyboard in Resources */ = {isa = PBXBuildFile; fileRef = 3B2C7EB2239AD66800F23ED0 /* LaunchScreen.storyboard */; };
		3B2C7EB9239AD81E00F23ED0 /* Assets.xcassets in Resources */ = {isa = PBXBuildFile; fileRef = 3BB3D5E02376135C009CE90F /* Assets.xcassets */; };
		3B2C7EBA239AD91D00F23ED0 /* Color+UIColor.swift in Sources */ = {isa = PBXBuildFile; fileRef = 3BDC325D237F3A2900632A08 /* Color+UIColor.swift */; };
		3B2C7EBB239AD97A00F23ED0 /* SwatchLabelView.swift in Sources */ = {isa = PBXBuildFile; fileRef = 3B549E7B2385E8EE004C16DE /* SwatchLabelView.swift */; };
		3B2C7EBC239AD99100F23ED0 /* SwatchView.swift in Sources */ = {isa = PBXBuildFile; fileRef = 3B549E7D2385FDF6004C16DE /* SwatchView.swift */; };
		3B2C7EBD239AD9B400F23ED0 /* AdaptableColorModels.swift in Sources */ = {isa = PBXBuildFile; fileRef = 3B15EDA6237E4275008C54AF /* AdaptableColorModels.swift */; };
		3B2C7EBE239AD9B400F23ED0 /* ColorModel.swift in Sources */ = {isa = PBXBuildFile; fileRef = 3BB3D5F4237617EB009CE90F /* ColorModel.swift */; };
		3B2C7EBF239AD9B400F23ED0 /* FixedColorModels.swift in Sources */ = {isa = PBXBuildFile; fileRef = 3BF94AB72387517800223BFE /* FixedColorModels.swift */; };
		3B2C7EC2239AD9B400F23ED0 /* SwiftUIColorModels.swift in Sources */ = {isa = PBXBuildFile; fileRef = 3B189382237B624400B097E2 /* SwiftUIColorModels.swift */; };
		3B2C7EC3239AD9B400F23ED0 /* TextModel.swift in Sources */ = {isa = PBXBuildFile; fileRef = 3B549E732385DD3C004C16DE /* TextModel.swift */; };
		3B2C7EC4239AD9B400F23ED0 /* TextModels.swift in Sources */ = {isa = PBXBuildFile; fileRef = 3B549E752385DE22004C16DE /* TextModels.swift */; };
		3B2C7EC5239ADA7F00F23ED0 /* ColorSwatchView.swift in Sources */ = {isa = PBXBuildFile; fileRef = 3BB3D5F02376175A009CE90F /* ColorSwatchView.swift */; };
		3B2C7EC6239ADA8A00F23ED0 /* ColorChipView.swift in Sources */ = {isa = PBXBuildFile; fileRef = 3BB3D5EE237613CB009CE90F /* ColorChipView.swift */; };
		3B2C7EC7239ADA9100F23ED0 /* ChipBackgroundView.swift in Sources */ = {isa = PBXBuildFile; fileRef = 3B549E8123860264004C16DE /* ChipBackgroundView.swift */; };
		3B2C7ECA239ADB3B00F23ED0 /* GridHeaderView.swift in Sources */ = {isa = PBXBuildFile; fileRef = 3B15EDA4237E035A008C54AF /* GridHeaderView.swift */; };
		3B2C7ECC239B07F400F23ED0 /* TextChipView.swift in Sources */ = {isa = PBXBuildFile; fileRef = 3B549E7F2386020B004C16DE /* TextChipView.swift */; };
		3B2C7ECD239B08F000F23ED0 /* TextSwatchView.swift in Sources */ = {isa = PBXBuildFile; fileRef = 3B549E792385E511004C16DE /* TextSwatchView.swift */; };
		3B2C7ECF239B094000F23ED0 /* TextSwatchGridView.swift in Sources */ = {isa = PBXBuildFile; fileRef = 3B549E712385DCF4004C16DE /* TextSwatchGridView.swift */; };
		3B2C7ED3239B1D2900F23ED0 /* FocusableView.swift in Sources */ = {isa = PBXBuildFile; fileRef = 3B2C7ED0239B1D1A00F23ED0 /* FocusableView.swift */; };
		3B38FF1E23EA57A500A2E756 /* ReplaceTextXCUIElementExtension.swift in Sources */ = {isa = PBXBuildFile; fileRef = 3B38FF1D23EA57A500A2E756 /* ReplaceTextXCUIElementExtension.swift */; };
		3B42B82E24DB8A1500C634C3 /* CloserLabelToggle.swift in Sources */ = {isa = PBXBuildFile; fileRef = 3B42B82D24DB8A1500C634C3 /* CloserLabelToggle.swift */; };
		3B42B82F24DB8A1500C634C3 /* CloserLabelToggle.swift in Sources */ = {isa = PBXBuildFile; fileRef = 3B42B82D24DB8A1500C634C3 /* CloserLabelToggle.swift */; };
		3B42B83024DB8A1500C634C3 /* CloserLabelToggle.swift in Sources */ = {isa = PBXBuildFile; fileRef = 3B42B82D24DB8A1500C634C3 /* CloserLabelToggle.swift */; };
		3B53C1192397002E0047B8EE /* Interface.storyboard in Resources */ = {isa = PBXBuildFile; fileRef = 3B53C1172397002E0047B8EE /* Interface.storyboard */; };
		3B53C1222397002F0047B8EE /* Swatches-watchOS WatchKit Extension.appex in Embed App Extensions */ = {isa = PBXBuildFile; fileRef = 3B53C1212397002F0047B8EE /* Swatches-watchOS WatchKit Extension.appex */; settings = {ATTRIBUTES = (RemoveHeadersOnCopy, ); }; };
		3B53C1292397002F0047B8EE /* HostingController.swift in Sources */ = {isa = PBXBuildFile; fileRef = 3B53C1282397002F0047B8EE /* HostingController.swift */; };
		3B53C12B2397002F0047B8EE /* ExtensionDelegate.swift in Sources */ = {isa = PBXBuildFile; fileRef = 3B53C12A2397002F0047B8EE /* ExtensionDelegate.swift */; };
		3B53C13E239701270047B8EE /* ColorModel.swift in Sources */ = {isa = PBXBuildFile; fileRef = 3BB3D5F4237617EB009CE90F /* ColorModel.swift */; };
		3B53C13F239701270047B8EE /* FixedColorModels.swift in Sources */ = {isa = PBXBuildFile; fileRef = 3BF94AB72387517800223BFE /* FixedColorModels.swift */; };
		3B53C142239701270047B8EE /* SwiftUIColorModels.swift in Sources */ = {isa = PBXBuildFile; fileRef = 3B189382237B624400B097E2 /* SwiftUIColorModels.swift */; };
		3B53C1452397012D0047B8EE /* ChipBackgroundView.swift in Sources */ = {isa = PBXBuildFile; fileRef = 3B549E8123860264004C16DE /* ChipBackgroundView.swift */; };
		3B53C1462397012D0047B8EE /* ColorChipView.swift in Sources */ = {isa = PBXBuildFile; fileRef = 3BB3D5EE237613CB009CE90F /* ColorChipView.swift */; };
		3B53C1482397012D0047B8EE /* ColorSwatchView.swift in Sources */ = {isa = PBXBuildFile; fileRef = 3BB3D5F02376175A009CE90F /* ColorSwatchView.swift */; };
		3B53C14A2397012D0047B8EE /* GridHeaderView.swift in Sources */ = {isa = PBXBuildFile; fileRef = 3B15EDA4237E035A008C54AF /* GridHeaderView.swift */; };
		3B53C14B2397012D0047B8EE /* MainView.swift in Sources */ = {isa = PBXBuildFile; fileRef = 3B76A62423765179007292F5 /* MainView.swift */; };
		3B53C14C2397012D0047B8EE /* SwatchView.swift in Sources */ = {isa = PBXBuildFile; fileRef = 3B549E7D2385FDF6004C16DE /* SwatchView.swift */; };
		3B53C14D2397012D0047B8EE /* SwatchLabelView.swift in Sources */ = {isa = PBXBuildFile; fileRef = 3B549E7B2385E8EE004C16DE /* SwatchLabelView.swift */; };
		3B53C153239703740047B8EE /* Color+UIColor.swift in Sources */ = {isa = PBXBuildFile; fileRef = 3BDC325D237F3A2900632A08 /* Color+UIColor.swift */; };
		3B53C1552397097B0047B8EE /* Assets.xcassets in Resources */ = {isa = PBXBuildFile; fileRef = 3BB3D5E02376135C009CE90F /* Assets.xcassets */; };
		3B549E722385DCF4004C16DE /* TextSwatchGridView.swift in Sources */ = {isa = PBXBuildFile; fileRef = 3B549E712385DCF4004C16DE /* TextSwatchGridView.swift */; };
		3B549E742385DD3C004C16DE /* TextModel.swift in Sources */ = {isa = PBXBuildFile; fileRef = 3B549E732385DD3C004C16DE /* TextModel.swift */; };
		3B549E762385DE22004C16DE /* TextModels.swift in Sources */ = {isa = PBXBuildFile; fileRef = 3B549E752385DE22004C16DE /* TextModels.swift */; };
		3B549E7A2385E511004C16DE /* TextSwatchView.swift in Sources */ = {isa = PBXBuildFile; fileRef = 3B549E792385E511004C16DE /* TextSwatchView.swift */; };
		3B549E7C2385E8EE004C16DE /* SwatchLabelView.swift in Sources */ = {isa = PBXBuildFile; fileRef = 3B549E7B2385E8EE004C16DE /* SwatchLabelView.swift */; };
		3B549E7E2385FDF6004C16DE /* SwatchView.swift in Sources */ = {isa = PBXBuildFile; fileRef = 3B549E7D2385FDF6004C16DE /* SwatchView.swift */; };
		3B549E802386020B004C16DE /* TextChipView.swift in Sources */ = {isa = PBXBuildFile; fileRef = 3B549E7F2386020B004C16DE /* TextChipView.swift */; };
		3B549E8223860264004C16DE /* ChipBackgroundView.swift in Sources */ = {isa = PBXBuildFile; fileRef = 3B549E8123860264004C16DE /* ChipBackgroundView.swift */; };
		3B5C4DA425266D7800E4EFD7 /* ViewAccessibility+VersionIndependence.swift in Sources */ = {isa = PBXBuildFile; fileRef = 3B5C4DA325266D7800E4EFD7 /* ViewAccessibility+VersionIndependence.swift */; };
		3B5C4DA525266D7800E4EFD7 /* ViewAccessibility+VersionIndependence.swift in Sources */ = {isa = PBXBuildFile; fileRef = 3B5C4DA325266D7800E4EFD7 /* ViewAccessibility+VersionIndependence.swift */; };
		3B5C4DA625266D7800E4EFD7 /* ViewAccessibility+VersionIndependence.swift in Sources */ = {isa = PBXBuildFile; fileRef = 3B5C4DA325266D7800E4EFD7 /* ViewAccessibility+VersionIndependence.swift */; };
		3B76A62523765179007292F5 /* MainView.swift in Sources */ = {isa = PBXBuildFile; fileRef = 3B76A62423765179007292F5 /* MainView.swift */; };
		3B8879ED24DCAAAA00FD1DBB /* AdaptableColorModels.swift in Sources */ = {isa = PBXBuildFile; fileRef = 3B15EDA6237E4275008C54AF /* AdaptableColorModels.swift */; };
		3BA9404023AABF5100C9AB43 /* SupportedOSOptions.swift in Sources */ = {isa = PBXBuildFile; fileRef = 3B2A482823A9C386004F2C8C /* SupportedOSOptions.swift */; };
		3BA9404123AABF5200C9AB43 /* SupportedOSOptions.swift in Sources */ = {isa = PBXBuildFile; fileRef = 3B2A482823A9C386004F2C8C /* SupportedOSOptions.swift */; };
		3BA9404223AABF6E00C9AB43 /* SupportedOSTagView.swift in Sources */ = {isa = PBXBuildFile; fileRef = 3B2A482623A9C353004F2C8C /* SupportedOSTagView.swift */; };
		3BA9404323AABF6E00C9AB43 /* SupportedOSTagView.swift in Sources */ = {isa = PBXBuildFile; fileRef = 3B2A482623A9C353004F2C8C /* SupportedOSTagView.swift */; };
		3BB3D5DB2376135B009CE90F /* AppDelegate.swift in Sources */ = {isa = PBXBuildFile; fileRef = 3BB3D5DA2376135B009CE90F /* AppDelegate.swift */; };
		3BB3D5DD2376135B009CE90F /* SceneDelegate.swift in Sources */ = {isa = PBXBuildFile; fileRef = 3BB3D5DC2376135B009CE90F /* SceneDelegate.swift */; };
		3BB3D5E12376135C009CE90F /* Assets.xcassets in Resources */ = {isa = PBXBuildFile; fileRef = 3BB3D5E02376135C009CE90F /* Assets.xcassets */; };
		3BB3D5E72376135C009CE90F /* LaunchScreen.storyboard in Resources */ = {isa = PBXBuildFile; fileRef = 3BB3D5E52376135C009CE90F /* LaunchScreen.storyboard */; };
		3BB3D5EF237613CB009CE90F /* ColorChipView.swift in Sources */ = {isa = PBXBuildFile; fileRef = 3BB3D5EE237613CB009CE90F /* ColorChipView.swift */; };
		3BB3D5F12376175A009CE90F /* ColorSwatchView.swift in Sources */ = {isa = PBXBuildFile; fileRef = 3BB3D5F02376175A009CE90F /* ColorSwatchView.swift */; };
		3BB3D5F5237617EB009CE90F /* ColorModel.swift in Sources */ = {isa = PBXBuildFile; fileRef = 3BB3D5F4237617EB009CE90F /* ColorModel.swift */; };
		3BB5C84723E8A7D4004AF637 /* SwatchesiOSScreenshotsUITests.swift in Sources */ = {isa = PBXBuildFile; fileRef = 3BB5C84623E8A7D4004AF637 /* SwatchesiOSScreenshotsUITests.swift */; };
		3BB5C85123E8A92D004AF637 /* SnapshotHelper.swift in Sources */ = {isa = PBXBuildFile; fileRef = 3BB5C85023E8A92D004AF637 /* SnapshotHelper.swift */; };
		3BB846D92398744000E90EA4 /* TextModel.swift in Sources */ = {isa = PBXBuildFile; fileRef = 3B549E732385DD3C004C16DE /* TextModel.swift */; };
		3BC7A43923C3E49900429E1A /* SafariView.swift in Sources */ = {isa = PBXBuildFile; fileRef = 3BC7A43823C3E49900429E1A /* SafariView.swift */; };
		3BC7A43B23C3EB9300429E1A /* CodeSampleView.swift in Sources */ = {isa = PBXBuildFile; fileRef = 3BC7A43A23C3EB9300429E1A /* CodeSampleView.swift */; };
		3BC7A43D23C3FBBB00429E1A /* CodeSampleView.swift in Sources */ = {isa = PBXBuildFile; fileRef = 3BC7A43A23C3EB9300429E1A /* CodeSampleView.swift */; };
		3BC7A44023C4067A00429E1A /* TVMainView.swift in Sources */ = {isa = PBXBuildFile; fileRef = 3BC7A43E23C405ED00429E1A /* TVMainView.swift */; };
		3BD63F7023B2AF7F00A7DCC8 /* FlowableContentGridView.swift in Sources */ = {isa = PBXBuildFile; fileRef = 3BD63F6F23B2AF7F00A7DCC8 /* FlowableContentGridView.swift */; };
		3BD63F7123B2AF7F00A7DCC8 /* FlowableContentGridView.swift in Sources */ = {isa = PBXBuildFile; fileRef = 3BD63F6F23B2AF7F00A7DCC8 /* FlowableContentGridView.swift */; };
		3BD63F7223B2AF7F00A7DCC8 /* FlowableContentGridView.swift in Sources */ = {isa = PBXBuildFile; fileRef = 3BD63F6F23B2AF7F00A7DCC8 /* FlowableContentGridView.swift */; };
		3BD63F7323B2DEEB00A7DCC8 /* GridModel.swift in Sources */ = {isa = PBXBuildFile; fileRef = 3B76A626237651C0007292F5 /* GridModel.swift */; };
		3BD63F7423B2DEED00A7DCC8 /* GridModel.swift in Sources */ = {isa = PBXBuildFile; fileRef = 3B76A626237651C0007292F5 /* GridModel.swift */; };
		3BD63F7523B2DEEE00A7DCC8 /* GridModel.swift in Sources */ = {isa = PBXBuildFile; fileRef = 3B76A626237651C0007292F5 /* GridModel.swift */; };
		3BDC325E237F3A2900632A08 /* Color+UIColor.swift in Sources */ = {isa = PBXBuildFile; fileRef = 3BDC325D237F3A2900632A08 /* Color+UIColor.swift */; };
		3BF6CE61242C0FA2008501C7 /* Swatches.app in Embed Watch Content */ = {isa = PBXBuildFile; fileRef = 3B53C1122397002E0047B8EE /* Swatches.app */; platformFilter = ios; settings = {ATTRIBUTES = (RemoveHeadersOnCopy, ); }; };
		3BF94AB82387517800223BFE /* FixedColorModels.swift in Sources */ = {isa = PBXBuildFile; fileRef = 3BF94AB72387517800223BFE /* FixedColorModels.swift */; };
		3BFBBA6C23BC02D600718837 /* AboutView.swift in Sources */ = {isa = PBXBuildFile; fileRef = 3BFBBA6B23BC02D600718837 /* AboutView.swift */; };
		3BFBBA6D23BC1FF800718837 /* AboutView.swift in Sources */ = {isa = PBXBuildFile; fileRef = 3BFBBA6B23BC02D600718837 /* AboutView.swift */; };
		3BFC2D1F23DFA75B008F6B35 /* Assets.xcassets in Resources */ = {isa = PBXBuildFile; fileRef = 3BB3D5E02376135C009CE90F /* Assets.xcassets */; };
/* End PBXBuildFile section */

/* Begin PBXContainerItemProxy section */
		3B53C1232397002F0047B8EE /* PBXContainerItemProxy */ = {
			isa = PBXContainerItemProxy;
			containerPortal = 3BB3D5CF2376135B009CE90F /* Project object */;
			proxyType = 1;
			remoteGlobalIDString = 3B53C1202397002F0047B8EE;
			remoteInfo = "Swatches-watchOS WatchKit Extension";
		};
		3BB5C84923E8A7D4004AF637 /* PBXContainerItemProxy */ = {
			isa = PBXContainerItemProxy;
			containerPortal = 3BB3D5CF2376135B009CE90F /* Project object */;
			proxyType = 1;
			remoteGlobalIDString = 3BB3D5D62376135B009CE90F;
			remoteInfo = Swatches;
		};
		3BF6CE5E242C0F32008501C7 /* PBXContainerItemProxy */ = {
			isa = PBXContainerItemProxy;
			containerPortal = 3BB3D5CF2376135B009CE90F /* Project object */;
			proxyType = 1;
			remoteGlobalIDString = 3B53C1112397002E0047B8EE;
			remoteInfo = "Swatches-watchOS WatchKit App";
		};
/* End PBXContainerItemProxy section */

/* Begin PBXCopyFilesBuildPhase section */
		3B53C1372397002F0047B8EE /* Embed App Extensions */ = {
			isa = PBXCopyFilesBuildPhase;
			buildActionMask = 2147483647;
			dstPath = "";
			dstSubfolderSpec = 13;
			files = (
				3B53C1222397002F0047B8EE /* Swatches-watchOS WatchKit Extension.appex in Embed App Extensions */,
			);
			name = "Embed App Extensions";
			runOnlyForDeploymentPostprocessing = 0;
		};
		3BF6CE60242C0F64008501C7 /* Embed Watch Content */ = {
			isa = PBXCopyFilesBuildPhase;
			buildActionMask = 2147483647;
			dstPath = "$(CONTENTS_FOLDER_PATH)/Watch";
			dstSubfolderSpec = 16;
			files = (
				3BF6CE61242C0FA2008501C7 /* Swatches.app in Embed Watch Content */,
			);
			name = "Embed Watch Content";
			runOnlyForDeploymentPostprocessing = 0;
		};
/* End PBXCopyFilesBuildPhase section */

/* Begin PBXFileReference section */
		3B15EDA4237E035A008C54AF /* GridHeaderView.swift */ = {isa = PBXFileReference; lastKnownFileType = sourcecode.swift; path = GridHeaderView.swift; sourceTree = "<group>"; };
		3B15EDA6237E4275008C54AF /* AdaptableColorModels.swift */ = {isa = PBXFileReference; lastKnownFileType = sourcecode.swift; path = AdaptableColorModels.swift; sourceTree = "<group>"; };
		3B189382237B624400B097E2 /* SwiftUIColorModels.swift */ = {isa = PBXFileReference; lastKnownFileType = sourcecode.swift; path = SwiftUIColorModels.swift; sourceTree = "<group>"; };
		3B2A482623A9C353004F2C8C /* SupportedOSTagView.swift */ = {isa = PBXFileReference; lastKnownFileType = sourcecode.swift; path = SupportedOSTagView.swift; sourceTree = "<group>"; };
		3B2A482823A9C386004F2C8C /* SupportedOSOptions.swift */ = {isa = PBXFileReference; lastKnownFileType = sourcecode.swift; path = SupportedOSOptions.swift; sourceTree = "<group>"; };
		3B2C7EA7239AD66700F23ED0 /* Swatches.app */ = {isa = PBXFileReference; explicitFileType = wrapper.application; includeInIndex = 0; path = Swatches.app; sourceTree = BUILT_PRODUCTS_DIR; };
		3B2C7EA9239AD66700F23ED0 /* TVAppDelegate.swift */ = {isa = PBXFileReference; lastKnownFileType = sourcecode.swift; path = TVAppDelegate.swift; sourceTree = "<group>"; };
		3B2C7EB3239AD66800F23ED0 /* Base */ = {isa = PBXFileReference; lastKnownFileType = file.storyboard; name = Base; path = Base.lproj/LaunchScreen.storyboard; sourceTree = "<group>"; };
		3B2C7EB5239AD66800F23ED0 /* Info.plist */ = {isa = PBXFileReference; lastKnownFileType = text.plist.xml; path = Info.plist; sourceTree = "<group>"; };
		3B2C7ED0239B1D1A00F23ED0 /* FocusableView.swift */ = {isa = PBXFileReference; lastKnownFileType = sourcecode.swift; path = FocusableView.swift; sourceTree = "<group>"; };
		3B38FF1D23EA57A500A2E756 /* ReplaceTextXCUIElementExtension.swift */ = {isa = PBXFileReference; lastKnownFileType = sourcecode.swift; path = ReplaceTextXCUIElementExtension.swift; sourceTree = "<group>"; };
		3B42B82D24DB8A1500C634C3 /* CloserLabelToggle.swift */ = {isa = PBXFileReference; fileEncoding = 4; lastKnownFileType = sourcecode.swift; path = CloserLabelToggle.swift; sourceTree = "<group>"; };
		3B5018B523A18F2200035A56 /* Swatches.entitlements */ = {isa = PBXFileReference; lastKnownFileType = text.plist.entitlements; path = Swatches.entitlements; sourceTree = "<group>"; };
		3B53C1122397002E0047B8EE /* Swatches.app */ = {isa = PBXFileReference; explicitFileType = wrapper.application; includeInIndex = 0; path = Swatches.app; sourceTree = BUILT_PRODUCTS_DIR; };
		3B53C1182397002E0047B8EE /* Base */ = {isa = PBXFileReference; lastKnownFileType = file.storyboard; name = Base; path = Base.lproj/Interface.storyboard; sourceTree = "<group>"; };
		3B53C11C2397002F0047B8EE /* Info.plist */ = {isa = PBXFileReference; lastKnownFileType = text.plist.xml; path = Info.plist; sourceTree = "<group>"; };
		3B53C1212397002F0047B8EE /* Swatches-watchOS WatchKit Extension.appex */ = {isa = PBXFileReference; explicitFileType = "wrapper.app-extension"; includeInIndex = 0; path = "Swatches-watchOS WatchKit Extension.appex"; sourceTree = BUILT_PRODUCTS_DIR; };
		3B53C1282397002F0047B8EE /* HostingController.swift */ = {isa = PBXFileReference; lastKnownFileType = sourcecode.swift; path = HostingController.swift; sourceTree = "<group>"; };
		3B53C12A2397002F0047B8EE /* ExtensionDelegate.swift */ = {isa = PBXFileReference; lastKnownFileType = sourcecode.swift; path = ExtensionDelegate.swift; sourceTree = "<group>"; };
		3B53C1312397002F0047B8EE /* Info.plist */ = {isa = PBXFileReference; lastKnownFileType = text.plist.xml; path = Info.plist; sourceTree = "<group>"; };
		3B549E712385DCF4004C16DE /* TextSwatchGridView.swift */ = {isa = PBXFileReference; lastKnownFileType = sourcecode.swift; path = TextSwatchGridView.swift; sourceTree = "<group>"; };
		3B549E732385DD3C004C16DE /* TextModel.swift */ = {isa = PBXFileReference; lastKnownFileType = sourcecode.swift; path = TextModel.swift; sourceTree = "<group>"; };
		3B549E752385DE22004C16DE /* TextModels.swift */ = {isa = PBXFileReference; lastKnownFileType = sourcecode.swift; path = TextModels.swift; sourceTree = "<group>"; };
		3B549E792385E511004C16DE /* TextSwatchView.swift */ = {isa = PBXFileReference; lastKnownFileType = sourcecode.swift; path = TextSwatchView.swift; sourceTree = "<group>"; };
		3B549E7B2385E8EE004C16DE /* SwatchLabelView.swift */ = {isa = PBXFileReference; lastKnownFileType = sourcecode.swift; path = SwatchLabelView.swift; sourceTree = "<group>"; };
		3B549E7D2385FDF6004C16DE /* SwatchView.swift */ = {isa = PBXFileReference; lastKnownFileType = sourcecode.swift; path = SwatchView.swift; sourceTree = "<group>"; };
		3B549E7F2386020B004C16DE /* TextChipView.swift */ = {isa = PBXFileReference; lastKnownFileType = sourcecode.swift; path = TextChipView.swift; sourceTree = "<group>"; };
		3B549E8123860264004C16DE /* ChipBackgroundView.swift */ = {isa = PBXFileReference; lastKnownFileType = sourcecode.swift; path = ChipBackgroundView.swift; sourceTree = "<group>"; };
		3B5C4DA325266D7800E4EFD7 /* ViewAccessibility+VersionIndependence.swift */ = {isa = PBXFileReference; lastKnownFileType = sourcecode.swift; path = "ViewAccessibility+VersionIndependence.swift"; sourceTree = "<group>"; };
		3B76A62423765179007292F5 /* MainView.swift */ = {isa = PBXFileReference; lastKnownFileType = sourcecode.swift; path = MainView.swift; sourceTree = "<group>"; };
		3B76A626237651C0007292F5 /* GridModel.swift */ = {isa = PBXFileReference; lastKnownFileType = sourcecode.swift; path = GridModel.swift; sourceTree = "<group>"; };
		3BB3D5D72376135B009CE90F /* Swatches.app */ = {isa = PBXFileReference; explicitFileType = wrapper.application; includeInIndex = 0; path = Swatches.app; sourceTree = BUILT_PRODUCTS_DIR; };
		3BB3D5DA2376135B009CE90F /* AppDelegate.swift */ = {isa = PBXFileReference; lastKnownFileType = sourcecode.swift; path = AppDelegate.swift; sourceTree = "<group>"; };
		3BB3D5DC2376135B009CE90F /* SceneDelegate.swift */ = {isa = PBXFileReference; lastKnownFileType = sourcecode.swift; path = SceneDelegate.swift; sourceTree = "<group>"; };
		3BB3D5E02376135C009CE90F /* Assets.xcassets */ = {isa = PBXFileReference; lastKnownFileType = folder.assetcatalog; path = Assets.xcassets; sourceTree = "<group>"; };
		3BB3D5E62376135C009CE90F /* Base */ = {isa = PBXFileReference; lastKnownFileType = file.storyboard; name = Base; path = Base.lproj/LaunchScreen.storyboard; sourceTree = "<group>"; };
		3BB3D5E82376135C009CE90F /* Info.plist */ = {isa = PBXFileReference; lastKnownFileType = text.plist.xml; path = Info.plist; sourceTree = "<group>"; };
		3BB3D5EE237613CB009CE90F /* ColorChipView.swift */ = {isa = PBXFileReference; lastKnownFileType = sourcecode.swift; path = ColorChipView.swift; sourceTree = "<group>"; };
		3BB3D5F02376175A009CE90F /* ColorSwatchView.swift */ = {isa = PBXFileReference; lastKnownFileType = sourcecode.swift; path = ColorSwatchView.swift; sourceTree = "<group>"; };
		3BB3D5F4237617EB009CE90F /* ColorModel.swift */ = {isa = PBXFileReference; lastKnownFileType = sourcecode.swift; path = ColorModel.swift; sourceTree = "<group>"; };
		3BB5C84423E8A7D4004AF637 /* SwatchesiOSScreenshotsUITests.xctest */ = {isa = PBXFileReference; explicitFileType = wrapper.cfbundle; includeInIndex = 0; path = SwatchesiOSScreenshotsUITests.xctest; sourceTree = BUILT_PRODUCTS_DIR; };
		3BB5C84623E8A7D4004AF637 /* SwatchesiOSScreenshotsUITests.swift */ = {isa = PBXFileReference; lastKnownFileType = sourcecode.swift; path = SwatchesiOSScreenshotsUITests.swift; sourceTree = "<group>"; };
		3BB5C84823E8A7D4004AF637 /* Info.plist */ = {isa = PBXFileReference; lastKnownFileType = text.plist.xml; path = Info.plist; sourceTree = "<group>"; };
		3BB5C85023E8A92D004AF637 /* SnapshotHelper.swift */ = {isa = PBXFileReference; fileEncoding = 4; lastKnownFileType = sourcecode.swift; path = SnapshotHelper.swift; sourceTree = "<group>"; };
		3BB5C85323E8AE0C004AF637 /* Pluginfile */ = {isa = PBXFileReference; lastKnownFileType = text; path = Pluginfile; sourceTree = "<group>"; };
		3BB5C85423E8AE0C004AF637 /* Appfile */ = {isa = PBXFileReference; lastKnownFileType = text; path = Appfile; sourceTree = "<group>"; };
		3BB5C85523E8AE0C004AF637 /* Fastfile */ = {isa = PBXFileReference; lastKnownFileType = text; path = Fastfile; sourceTree = "<group>"; };
		3BB5C85623E8AE0C004AF637 /* README.md */ = {isa = PBXFileReference; lastKnownFileType = net.daringfireball.markdown; path = README.md; sourceTree = "<group>"; };
		3BB5C85823E8AE0C004AF637 /* app_icon.png */ = {isa = PBXFileReference; lastKnownFileType = image.png; path = app_icon.png; sourceTree = "<group>"; };
		3BB5C85923E8AE0C004AF637 /* report.xml */ = {isa = PBXFileReference; lastKnownFileType = text.xml; path = report.xml; sourceTree = "<group>"; };
		3BB5C85A23E8AE0C004AF637 /* Snapfile */ = {isa = PBXFileReference; lastKnownFileType = text; path = Snapfile; sourceTree = "<group>"; };
		3BC7A43823C3E49900429E1A /* SafariView.swift */ = {isa = PBXFileReference; lastKnownFileType = sourcecode.swift; path = SafariView.swift; sourceTree = "<group>"; };
		3BC7A43A23C3EB9300429E1A /* CodeSampleView.swift */ = {isa = PBXFileReference; lastKnownFileType = sourcecode.swift; path = CodeSampleView.swift; sourceTree = "<group>"; };
		3BC7A43E23C405ED00429E1A /* TVMainView.swift */ = {isa = PBXFileReference; lastKnownFileType = sourcecode.swift; path = TVMainView.swift; sourceTree = "<group>"; };
		3BD63F6F23B2AF7F00A7DCC8 /* FlowableContentGridView.swift */ = {isa = PBXFileReference; lastKnownFileType = sourcecode.swift; path = FlowableContentGridView.swift; sourceTree = "<group>"; };
		3BDC325D237F3A2900632A08 /* Color+UIColor.swift */ = {isa = PBXFileReference; lastKnownFileType = sourcecode.swift; path = "Color+UIColor.swift"; sourceTree = "<group>"; };
		3BF6CEB1242C16D2008501C7 /* setbuildversion.sh */ = {isa = PBXFileReference; lastKnownFileType = text.script.sh; path = setbuildversion.sh; sourceTree = "<group>"; };
		3BF94AB72387517800223BFE /* FixedColorModels.swift */ = {isa = PBXFileReference; lastKnownFileType = sourcecode.swift; path = FixedColorModels.swift; sourceTree = "<group>"; };
		3BFBBA6B23BC02D600718837 /* AboutView.swift */ = {isa = PBXFileReference; lastKnownFileType = sourcecode.swift; path = AboutView.swift; sourceTree = "<group>"; };
/* End PBXFileReference section */

/* Begin PBXFrameworksBuildPhase section */
		3B2C7EA4239AD66700F23ED0 /* Frameworks */ = {
			isa = PBXFrameworksBuildPhase;
			buildActionMask = 2147483647;
			files = (
			);
			runOnlyForDeploymentPostprocessing = 0;
		};
		3B53C11E2397002F0047B8EE /* Frameworks */ = {
			isa = PBXFrameworksBuildPhase;
			buildActionMask = 2147483647;
			files = (
			);
			runOnlyForDeploymentPostprocessing = 0;
		};
		3BB3D5D42376135B009CE90F /* Frameworks */ = {
			isa = PBXFrameworksBuildPhase;
			buildActionMask = 2147483647;
			files = (
			);
			runOnlyForDeploymentPostprocessing = 0;
		};
		3BB5C84123E8A7D4004AF637 /* Frameworks */ = {
			isa = PBXFrameworksBuildPhase;
			buildActionMask = 2147483647;
			files = (
			);
			runOnlyForDeploymentPostprocessing = 0;
		};
/* End PBXFrameworksBuildPhase section */

/* Begin PBXGroup section */
		3B1543A52399DEB000856A7C /* iOS */ = {
			isa = PBXGroup;
			children = (
				3B5018B523A18F2200035A56 /* Swatches.entitlements */,
				3BB3D5E52376135C009CE90F /* LaunchScreen.storyboard */,
				3BB3D5E82376135C009CE90F /* Info.plist */,
				3BB3D5DA2376135B009CE90F /* AppDelegate.swift */,
				3BB3D5DC2376135B009CE90F /* SceneDelegate.swift */,
				3BB5C84523E8A7D4004AF637 /* SwatchesiOSScreenshotsUITests */,
			);
			path = iOS;
			sourceTree = "<group>";
		};
		3B2C7EA8239AD66700F23ED0 /* tvOS */ = {
			isa = PBXGroup;
			children = (
				3B2C7ED0239B1D1A00F23ED0 /* FocusableView.swift */,
				3BC7A43E23C405ED00429E1A /* TVMainView.swift */,
				3B2C7EA9239AD66700F23ED0 /* TVAppDelegate.swift */,
				3B2C7EB2239AD66800F23ED0 /* LaunchScreen.storyboard */,
				3B2C7EB5239AD66800F23ED0 /* Info.plist */,
			);
			path = tvOS;
			sourceTree = "<group>";
		};
		3B53C1162397002E0047B8EE /* watchOS App */ = {
			isa = PBXGroup;
			children = (
				3B53C1172397002E0047B8EE /* Interface.storyboard */,
				3B53C11C2397002F0047B8EE /* Info.plist */,
			);
			path = "watchOS App";
			sourceTree = "<group>";
		};
		3B53C1252397002F0047B8EE /* watchOS Extension */ = {
			isa = PBXGroup;
			children = (
				3B53C1282397002F0047B8EE /* HostingController.swift */,
				3B53C12A2397002F0047B8EE /* ExtensionDelegate.swift */,
				3B53C1312397002F0047B8EE /* Info.plist */,
			);
			path = "watchOS Extension";
			sourceTree = "<group>";
		};
		3BB3D5CE2376135B009CE90F = {
			isa = PBXGroup;
			children = (
				3BB3D5D92376135B009CE90F /* Common */,
				3B1543A52399DEB000856A7C /* iOS */,
				3B53C1162397002E0047B8EE /* watchOS App */,
				3B53C1252397002F0047B8EE /* watchOS Extension */,
				3B2C7EA8239AD66700F23ED0 /* tvOS */,
				3BB5C85223E8AE0C004AF637 /* fastlane */,
				3BB3D5D82376135B009CE90F /* Products */,
			);
			sourceTree = "<group>";
		};
		3BB3D5D82376135B009CE90F /* Products */ = {
			isa = PBXGroup;
			children = (
				3BB3D5D72376135B009CE90F /* Swatches.app */,
				3B53C1122397002E0047B8EE /* Swatches.app */,
				3B53C1212397002F0047B8EE /* Swatches-watchOS WatchKit Extension.appex */,
				3B2C7EA7239AD66700F23ED0 /* Swatches.app */,
				3BB5C84423E8A7D4004AF637 /* SwatchesiOSScreenshotsUITests.xctest */,
			);
			name = Products;
			sourceTree = "<group>";
		};
		3BB3D5D92376135B009CE90F /* Common */ = {
			isa = PBXGroup;
			children = (
				3BF6CEB1242C16D2008501C7 /* setbuildversion.sh */,
				3BDC325C237F39E300632A08 /* OSExtensions */,
				3BB3D5F3237617D4009CE90F /* Models */,
				3BB3D5F2237617C7009CE90F /* Views */,
				3BB3D5E02376135C009CE90F /* Assets.xcassets */,
			);
			path = Common;
			sourceTree = "<group>";
		};
		3BB3D5F2237617C7009CE90F /* Views */ = {
			isa = PBXGroup;
			children = (
				3BFBBA6B23BC02D600718837 /* AboutView.swift */,
				3B549E8123860264004C16DE /* ChipBackgroundView.swift */,
				3BC7A43A23C3EB9300429E1A /* CodeSampleView.swift */,
				3BB3D5EE237613CB009CE90F /* ColorChipView.swift */,
				3BB3D5F02376175A009CE90F /* ColorSwatchView.swift */,
				3B42B82D24DB8A1500C634C3 /* CloserLabelToggle.swift */,
				3BD63F6F23B2AF7F00A7DCC8 /* FlowableContentGridView.swift */,
				3B15EDA4237E035A008C54AF /* GridHeaderView.swift */,
				3B76A62423765179007292F5 /* MainView.swift */,
				3BC7A43823C3E49900429E1A /* SafariView.swift */,
				3B2A482623A9C353004F2C8C /* SupportedOSTagView.swift */,
				3B549E7B2385E8EE004C16DE /* SwatchLabelView.swift */,
				3B549E7D2385FDF6004C16DE /* SwatchView.swift */,
				3B549E7F2386020B004C16DE /* TextChipView.swift */,
				3B549E712385DCF4004C16DE /* TextSwatchGridView.swift */,
				3B549E792385E511004C16DE /* TextSwatchView.swift */,
			);
			path = Views;
			sourceTree = "<group>";
		};
		3BB3D5F3237617D4009CE90F /* Models */ = {
			isa = PBXGroup;
			children = (
				3B15EDA6237E4275008C54AF /* AdaptableColorModels.swift */,
				3BB3D5F4237617EB009CE90F /* ColorModel.swift */,
				3BF94AB72387517800223BFE /* FixedColorModels.swift */,
				3B76A626237651C0007292F5 /* GridModel.swift */,
				3B2A482823A9C386004F2C8C /* SupportedOSOptions.swift */,
				3B189382237B624400B097E2 /* SwiftUIColorModels.swift */,
				3B549E732385DD3C004C16DE /* TextModel.swift */,
				3B549E752385DE22004C16DE /* TextModels.swift */,
			);
			path = Models;
			sourceTree = "<group>";
		};
		3BB5C84523E8A7D4004AF637 /* SwatchesiOSScreenshotsUITests */ = {
			isa = PBXGroup;
			children = (
				3BB5C85023E8A92D004AF637 /* SnapshotHelper.swift */,
				3BB5C84623E8A7D4004AF637 /* SwatchesiOSScreenshotsUITests.swift */,
				3B38FF1D23EA57A500A2E756 /* ReplaceTextXCUIElementExtension.swift */,
				3BB5C84823E8A7D4004AF637 /* Info.plist */,
			);
			path = SwatchesiOSScreenshotsUITests;
			sourceTree = "<group>";
		};
		3BB5C85223E8AE0C004AF637 /* fastlane */ = {
			isa = PBXGroup;
			children = (
				3BB5C85323E8AE0C004AF637 /* Pluginfile */,
				3BB5C85423E8AE0C004AF637 /* Appfile */,
				3BB5C85523E8AE0C004AF637 /* Fastfile */,
				3BB5C85623E8AE0C004AF637 /* README.md */,
				3BB5C85723E8AE0C004AF637 /* metadata */,
				3BB5C85923E8AE0C004AF637 /* report.xml */,
				3BB5C85A23E8AE0C004AF637 /* Snapfile */,
			);
			path = fastlane;
			sourceTree = SOURCE_ROOT;
		};
		3BB5C85723E8AE0C004AF637 /* metadata */ = {
			isa = PBXGroup;
			children = (
				3BB5C85823E8AE0C004AF637 /* app_icon.png */,
			);
			path = metadata;
			sourceTree = "<group>";
		};
		3BDC325C237F39E300632A08 /* OSExtensions */ = {
			isa = PBXGroup;
			children = (
				3BDC325D237F3A2900632A08 /* Color+UIColor.swift */,
				3B5C4DA325266D7800E4EFD7 /* ViewAccessibility+VersionIndependence.swift */,
			);
			path = OSExtensions;
			sourceTree = "<group>";
		};
/* End PBXGroup section */

/* Begin PBXNativeTarget section */
		3B2C7EA6239AD66700F23ED0 /* Swatches-tvOS */ = {
			isa = PBXNativeTarget;
			buildConfigurationList = 3B2C7EB8239AD66800F23ED0 /* Build configuration list for PBXNativeTarget "Swatches-tvOS" */;
			buildPhases = (
				3B2C7EA3239AD66700F23ED0 /* Sources */,
				3B2C7EA4239AD66700F23ED0 /* Frameworks */,
				3B2C7EA5239AD66700F23ED0 /* Resources */,
				3BCA71B623C6A0C20093EF46 /* Set Version */,
			);
			buildRules = (
			);
			dependencies = (
			);
			name = "Swatches-tvOS";
			productName = "Swatches-tvOS";
			productReference = 3B2C7EA7239AD66700F23ED0 /* Swatches.app */;
			productType = "com.apple.product-type.application";
		};
		3B53C1112397002E0047B8EE /* Swatches-watchOS WatchKit App */ = {
			isa = PBXNativeTarget;
			buildConfigurationList = 3B53C13B2397002F0047B8EE /* Build configuration list for PBXNativeTarget "Swatches-watchOS WatchKit App" */;
			buildPhases = (
				3B53C1102397002E0047B8EE /* Resources */,
				3B53C1372397002F0047B8EE /* Embed App Extensions */,
				3BFF980123C6A40B005E156C /* Set Version */,
			);
			buildRules = (
			);
			dependencies = (
				3B53C1242397002F0047B8EE /* PBXTargetDependency */,
			);
			name = "Swatches-watchOS WatchKit App";
			productName = "Swatches-watchOS WatchKit App";
			productReference = 3B53C1122397002E0047B8EE /* Swatches.app */;
			productType = "com.apple.product-type.application.watchapp2";
		};
		3B53C1202397002F0047B8EE /* Swatches-watchOS WatchKit Extension */ = {
			isa = PBXNativeTarget;
			buildConfigurationList = 3B53C13A2397002F0047B8EE /* Build configuration list for PBXNativeTarget "Swatches-watchOS WatchKit Extension" */;
			buildPhases = (
				3B53C11D2397002F0047B8EE /* Sources */,
				3B53C11E2397002F0047B8EE /* Frameworks */,
				3B53C11F2397002F0047B8EE /* Resources */,
				3BFF980223C6A41E005E156C /* Set Version */,
			);
			buildRules = (
			);
			dependencies = (
			);
			name = "Swatches-watchOS WatchKit Extension";
			productName = "Swatches-watchOS WatchKit Extension";
			productReference = 3B53C1212397002F0047B8EE /* Swatches-watchOS WatchKit Extension.appex */;
			productType = "com.apple.product-type.watchkit2-extension";
		};
		3BB3D5D62376135B009CE90F /* Swatches */ = {
			isa = PBXNativeTarget;
			buildConfigurationList = 3BB3D5EB2376135C009CE90F /* Build configuration list for PBXNativeTarget "Swatches" */;
			buildPhases = (
				3BB3D5D32376135B009CE90F /* Sources */,
				3BB3D5D42376135B009CE90F /* Frameworks */,
				3BB3D5D52376135B009CE90F /* Resources */,
				3BCA71B523C6A01F0093EF46 /* Set Version */,
				3BF6CE60242C0F64008501C7 /* Embed Watch Content */,
			);
			buildRules = (
			);
			dependencies = (
				3BF6CE5F242C0F32008501C7 /* PBXTargetDependency */,
			);
			name = Swatches;
			productName = Swatches;
			productReference = 3BB3D5D72376135B009CE90F /* Swatches.app */;
			productType = "com.apple.product-type.application";
		};
		3BB5C84323E8A7D4004AF637 /* SwatchesiOSScreenshotsUITests */ = {
			isa = PBXNativeTarget;
			buildConfigurationList = 3BB5C84D23E8A7D4004AF637 /* Build configuration list for PBXNativeTarget "SwatchesiOSScreenshotsUITests" */;
			buildPhases = (
				3BB5C84023E8A7D4004AF637 /* Sources */,
				3BB5C84123E8A7D4004AF637 /* Frameworks */,
				3BB5C84223E8A7D4004AF637 /* Resources */,
			);
			buildRules = (
			);
			dependencies = (
				3BB5C84A23E8A7D4004AF637 /* PBXTargetDependency */,
			);
			name = SwatchesiOSScreenshotsUITests;
			productName = SwatchesiOSScreenshotsUITests;
			productReference = 3BB5C84423E8A7D4004AF637 /* SwatchesiOSScreenshotsUITests.xctest */;
			productType = "com.apple.product-type.bundle.ui-testing";
		};
/* End PBXNativeTarget section */

/* Begin PBXProject section */
		3BB3D5CF2376135B009CE90F /* Project object */ = {
			isa = PBXProject;
			attributes = {
				LastSwiftUpdateCheck = 1130;
				LastUpgradeCheck = 1200;
				ORGANIZATIONNAME = "HiddenJester Software";
				TargetAttributes = {
					3B2C7EA6239AD66700F23ED0 = {
						CreatedOnToolsVersion = 11.2.1;
					};
					3B53C1112397002E0047B8EE = {
						CreatedOnToolsVersion = 11.2.1;
					};
					3B53C1202397002F0047B8EE = {
						CreatedOnToolsVersion = 11.2.1;
					};
					3BB3D5D62376135B009CE90F = {
						CreatedOnToolsVersion = 11.2;
					};
					3BB5C84323E8A7D4004AF637 = {
						CreatedOnToolsVersion = 11.3.1;
						TestTargetID = 3BB3D5D62376135B009CE90F;
					};
				};
			};
			buildConfigurationList = 3BB3D5D22376135B009CE90F /* Build configuration list for PBXProject "Swatches" */;
			compatibilityVersion = "Xcode 9.3";
			developmentRegion = en;
			hasScannedForEncodings = 0;
			knownRegions = (
				en,
				Base,
			);
			mainGroup = 3BB3D5CE2376135B009CE90F;
			productRefGroup = 3BB3D5D82376135B009CE90F /* Products */;
			projectDirPath = "";
			projectRoot = "";
			targets = (
				3BB3D5D62376135B009CE90F /* Swatches */,
				3B53C1112397002E0047B8EE /* Swatches-watchOS WatchKit App */,
				3B53C1202397002F0047B8EE /* Swatches-watchOS WatchKit Extension */,
				3B2C7EA6239AD66700F23ED0 /* Swatches-tvOS */,
				3BB5C84323E8A7D4004AF637 /* SwatchesiOSScreenshotsUITests */,
			);
		};
/* End PBXProject section */

/* Begin PBXResourcesBuildPhase section */
		3B2C7EA5239AD66700F23ED0 /* Resources */ = {
			isa = PBXResourcesBuildPhase;
			buildActionMask = 2147483647;
			files = (
				3B2C7EB9239AD81E00F23ED0 /* Assets.xcassets in Resources */,
				3B2C7EB4239AD66800F23ED0 /* LaunchScreen.storyboard in Resources */,
			);
			runOnlyForDeploymentPostprocessing = 0;
		};
		3B53C1102397002E0047B8EE /* Resources */ = {
			isa = PBXResourcesBuildPhase;
			buildActionMask = 2147483647;
			files = (
				3BFC2D1F23DFA75B008F6B35 /* Assets.xcassets in Resources */,
				3B53C1192397002E0047B8EE /* Interface.storyboard in Resources */,
			);
			runOnlyForDeploymentPostprocessing = 0;
		};
		3B53C11F2397002F0047B8EE /* Resources */ = {
			isa = PBXResourcesBuildPhase;
			buildActionMask = 2147483647;
			files = (
				3B53C1552397097B0047B8EE /* Assets.xcassets in Resources */,
			);
			runOnlyForDeploymentPostprocessing = 0;
		};
		3BB3D5D52376135B009CE90F /* Resources */ = {
			isa = PBXResourcesBuildPhase;
			buildActionMask = 2147483647;
			files = (
				3BB3D5E72376135C009CE90F /* LaunchScreen.storyboard in Resources */,
				3BB3D5E12376135C009CE90F /* Assets.xcassets in Resources */,
			);
			runOnlyForDeploymentPostprocessing = 0;
		};
		3BB5C84223E8A7D4004AF637 /* Resources */ = {
			isa = PBXResourcesBuildPhase;
			buildActionMask = 2147483647;
			files = (
			);
			runOnlyForDeploymentPostprocessing = 0;
		};
/* End PBXResourcesBuildPhase section */

/* Begin PBXShellScriptBuildPhase section */
		3BCA71B523C6A01F0093EF46 /* Set Version */ = {
			isa = PBXShellScriptBuildPhase;
			buildActionMask = 2147483647;
			files = (
			);
			inputFileListPaths = (
			);
			inputPaths = (
			);
			name = "Set Version";
			outputFileListPaths = (
			);
			outputPaths = (
			);
			runOnlyForDeploymentPostprocessing = 0;
			shellPath = /bin/sh;
			shellScript = "./Common/setbuildversion.sh\n";
		};
		3BCA71B623C6A0C20093EF46 /* Set Version */ = {
			isa = PBXShellScriptBuildPhase;
			buildActionMask = 2147483647;
			files = (
			);
			inputFileListPaths = (
			);
			inputPaths = (
			);
			name = "Set Version";
			outputFileListPaths = (
			);
			outputPaths = (
			);
			runOnlyForDeploymentPostprocessing = 0;
			shellPath = /bin/sh;
			shellScript = "./Common/setbuildversion.sh\n";
		};
		3BFF980123C6A40B005E156C /* Set Version */ = {
			isa = PBXShellScriptBuildPhase;
			buildActionMask = 2147483647;
			files = (
			);
			inputFileListPaths = (
			);
			inputPaths = (
			);
			name = "Set Version";
			outputFileListPaths = (
			);
			outputPaths = (
			);
			runOnlyForDeploymentPostprocessing = 0;
			shellPath = /bin/sh;
			shellScript = "./Common/setbuildversion.sh\n\n";
		};
		3BFF980223C6A41E005E156C /* Set Version */ = {
			isa = PBXShellScriptBuildPhase;
			buildActionMask = 2147483647;
			files = (
			);
			inputFileListPaths = (
			);
			inputPaths = (
			);
			name = "Set Version";
			outputFileListPaths = (
			);
			outputPaths = (
			);
			runOnlyForDeploymentPostprocessing = 0;
			shellPath = /bin/sh;
			shellScript = "./Common/setbuildversion.sh\n";
		};
/* End PBXShellScriptBuildPhase section */

/* Begin PBXSourcesBuildPhase section */
		3B2C7EA3239AD66700F23ED0 /* Sources */ = {
			isa = PBXSourcesBuildPhase;
			buildActionMask = 2147483647;
			files = (
				3B2C7EC3239AD9B400F23ED0 /* TextModel.swift in Sources */,
				3BD63F7523B2DEEE00A7DCC8 /* GridModel.swift in Sources */,
				3B2C7EBE239AD9B400F23ED0 /* ColorModel.swift in Sources */,
				3B2C7EC7239ADA9100F23ED0 /* ChipBackgroundView.swift in Sources */,
				3BC7A43D23C3FBBB00429E1A /* CodeSampleView.swift in Sources */,
				3B2C7EC5239ADA7F00F23ED0 /* ColorSwatchView.swift in Sources */,
				3B2C7EAA239AD66700F23ED0 /* TVAppDelegate.swift in Sources */,
				3B2C7EBB239AD97A00F23ED0 /* SwatchLabelView.swift in Sources */,
				3BA9404323AABF6E00C9AB43 /* SupportedOSTagView.swift in Sources */,
				3B2C7EBF239AD9B400F23ED0 /* FixedColorModels.swift in Sources */,
				3B2C7EC4239AD9B400F23ED0 /* TextModels.swift in Sources */,
				3BC7A44023C4067A00429E1A /* TVMainView.swift in Sources */,
				3B42B83024DB8A1500C634C3 /* CloserLabelToggle.swift in Sources */,
				3B5C4DA625266D7800E4EFD7 /* ViewAccessibility+VersionIndependence.swift in Sources */,
				3B2C7EBA239AD91D00F23ED0 /* Color+UIColor.swift in Sources */,
				3B2C7EBD239AD9B400F23ED0 /* AdaptableColorModels.swift in Sources */,
				3B2C7EBC239AD99100F23ED0 /* SwatchView.swift in Sources */,
				3B2C7ED3239B1D2900F23ED0 /* FocusableView.swift in Sources */,
				3B2C7ECA239ADB3B00F23ED0 /* GridHeaderView.swift in Sources */,
				3BFBBA6D23BC1FF800718837 /* AboutView.swift in Sources */,
				3B2C7EC6239ADA8A00F23ED0 /* ColorChipView.swift in Sources */,
				3BD63F7223B2AF7F00A7DCC8 /* FlowableContentGridView.swift in Sources */,
				3B2C7ECD239B08F000F23ED0 /* TextSwatchView.swift in Sources */,
				3B2C7ECF239B094000F23ED0 /* TextSwatchGridView.swift in Sources */,
				3B2C7EC2239AD9B400F23ED0 /* SwiftUIColorModels.swift in Sources */,
				3BA9404123AABF5200C9AB43 /* SupportedOSOptions.swift in Sources */,
				3B2C7ECC239B07F400F23ED0 /* TextChipView.swift in Sources */,
			);
			runOnlyForDeploymentPostprocessing = 0;
		};
		3B53C11D2397002F0047B8EE /* Sources */ = {
			isa = PBXSourcesBuildPhase;
			buildActionMask = 2147483647;
			files = (
				3B53C14C2397012D0047B8EE /* SwatchView.swift in Sources */,
				3B53C1292397002F0047B8EE /* HostingController.swift in Sources */,
				3B53C14B2397012D0047B8EE /* MainView.swift in Sources */,
				3B53C153239703740047B8EE /* Color+UIColor.swift in Sources */,
				3B8879ED24DCAAAA00FD1DBB /* AdaptableColorModels.swift in Sources */,
				3B53C13F239701270047B8EE /* FixedColorModels.swift in Sources */,
				3BA9404023AABF5100C9AB43 /* SupportedOSOptions.swift in Sources */,
				3B53C1462397012D0047B8EE /* ColorChipView.swift in Sources */,
				3B42B82F24DB8A1500C634C3 /* CloserLabelToggle.swift in Sources */,
				3B53C14A2397012D0047B8EE /* GridHeaderView.swift in Sources */,
				3B53C12B2397002F0047B8EE /* ExtensionDelegate.swift in Sources */,
				3BA9404223AABF6E00C9AB43 /* SupportedOSTagView.swift in Sources */,
				3B53C14D2397012D0047B8EE /* SwatchLabelView.swift in Sources */,
				3BB846D92398744000E90EA4 /* TextModel.swift in Sources */,
				3BD63F7123B2AF7F00A7DCC8 /* FlowableContentGridView.swift in Sources */,
				3BD63F7423B2DEED00A7DCC8 /* GridModel.swift in Sources */,
				3B53C13E239701270047B8EE /* ColorModel.swift in Sources */,
				3B53C142239701270047B8EE /* SwiftUIColorModels.swift in Sources */,
				3B53C1452397012D0047B8EE /* ChipBackgroundView.swift in Sources */,
				3B5C4DA525266D7800E4EFD7 /* ViewAccessibility+VersionIndependence.swift in Sources */,
				3B53C1482397012D0047B8EE /* ColorSwatchView.swift in Sources */,
			);
			runOnlyForDeploymentPostprocessing = 0;
		};
		3BB3D5D32376135B009CE90F /* Sources */ = {
			isa = PBXSourcesBuildPhase;
			buildActionMask = 2147483647;
			files = (
				3B549E742385DD3C004C16DE /* TextModel.swift in Sources */,
				3B76A62523765179007292F5 /* MainView.swift in Sources */,
				3BC7A43923C3E49900429E1A /* SafariView.swift in Sources */,
				3BD63F7023B2AF7F00A7DCC8 /* FlowableContentGridView.swift in Sources */,
				3B549E802386020B004C16DE /* TextChipView.swift in Sources */,
				3B549E722385DCF4004C16DE /* TextSwatchGridView.swift in Sources */,
				3B2A482723A9C353004F2C8C /* SupportedOSTagView.swift in Sources */,
				3BB3D5EF237613CB009CE90F /* ColorChipView.swift in Sources */,
				3B42B82E24DB8A1500C634C3 /* CloserLabelToggle.swift in Sources */,
				3BB3D5DB2376135B009CE90F /* AppDelegate.swift in Sources */,
				3BDC325E237F3A2900632A08 /* Color+UIColor.swift in Sources */,
				3BB3D5DD2376135B009CE90F /* SceneDelegate.swift in Sources */,
				3B5C4DA425266D7800E4EFD7 /* ViewAccessibility+VersionIndependence.swift in Sources */,
				3B549E7E2385FDF6004C16DE /* SwatchView.swift in Sources */,
				3B549E7A2385E511004C16DE /* TextSwatchView.swift in Sources */,
				3B15EDA7237E4275008C54AF /* AdaptableColorModels.swift in Sources */,
				3BD63F7323B2DEEB00A7DCC8 /* GridModel.swift in Sources */,
				3B549E762385DE22004C16DE /* TextModels.swift in Sources */,
				3B549E8223860264004C16DE /* ChipBackgroundView.swift in Sources */,
				3B549E7C2385E8EE004C16DE /* SwatchLabelView.swift in Sources */,
				3B2A482923A9C386004F2C8C /* SupportedOSOptions.swift in Sources */,
				3BFBBA6C23BC02D600718837 /* AboutView.swift in Sources */,
				3BB3D5F12376175A009CE90F /* ColorSwatchView.swift in Sources */,
				3BB3D5F5237617EB009CE90F /* ColorModel.swift in Sources */,
				3BF94AB82387517800223BFE /* FixedColorModels.swift in Sources */,
				3B15EDA5237E035A008C54AF /* GridHeaderView.swift in Sources */,
				3BC7A43B23C3EB9300429E1A /* CodeSampleView.swift in Sources */,
				3B189383237B624400B097E2 /* SwiftUIColorModels.swift in Sources */,
			);
			runOnlyForDeploymentPostprocessing = 0;
		};
		3BB5C84023E8A7D4004AF637 /* Sources */ = {
			isa = PBXSourcesBuildPhase;
			buildActionMask = 2147483647;
			files = (
				3BB5C84723E8A7D4004AF637 /* SwatchesiOSScreenshotsUITests.swift in Sources */,
				3BB5C85123E8A92D004AF637 /* SnapshotHelper.swift in Sources */,
				3B38FF1E23EA57A500A2E756 /* ReplaceTextXCUIElementExtension.swift in Sources */,
			);
			runOnlyForDeploymentPostprocessing = 0;
		};
/* End PBXSourcesBuildPhase section */

/* Begin PBXTargetDependency section */
		3B53C1242397002F0047B8EE /* PBXTargetDependency */ = {
			isa = PBXTargetDependency;
			target = 3B53C1202397002F0047B8EE /* Swatches-watchOS WatchKit Extension */;
			targetProxy = 3B53C1232397002F0047B8EE /* PBXContainerItemProxy */;
		};
		3BB5C84A23E8A7D4004AF637 /* PBXTargetDependency */ = {
			isa = PBXTargetDependency;
			target = 3BB3D5D62376135B009CE90F /* Swatches */;
			targetProxy = 3BB5C84923E8A7D4004AF637 /* PBXContainerItemProxy */;
		};
		3BF6CE5F242C0F32008501C7 /* PBXTargetDependency */ = {
			isa = PBXTargetDependency;
			platformFilter = ios;
			target = 3B53C1112397002E0047B8EE /* Swatches-watchOS WatchKit App */;
			targetProxy = 3BF6CE5E242C0F32008501C7 /* PBXContainerItemProxy */;
		};
/* End PBXTargetDependency section */

/* Begin PBXVariantGroup section */
		3B2C7EB2239AD66800F23ED0 /* LaunchScreen.storyboard */ = {
			isa = PBXVariantGroup;
			children = (
				3B2C7EB3239AD66800F23ED0 /* Base */,
			);
			name = LaunchScreen.storyboard;
			sourceTree = "<group>";
		};
		3B53C1172397002E0047B8EE /* Interface.storyboard */ = {
			isa = PBXVariantGroup;
			children = (
				3B53C1182397002E0047B8EE /* Base */,
			);
			name = Interface.storyboard;
			sourceTree = "<group>";
		};
		3BB3D5E52376135C009CE90F /* LaunchScreen.storyboard */ = {
			isa = PBXVariantGroup;
			children = (
				3BB3D5E62376135C009CE90F /* Base */,
			);
			name = LaunchScreen.storyboard;
			sourceTree = "<group>";
		};
/* End PBXVariantGroup section */

/* Begin XCBuildConfiguration section */
		3B2C7EB6239AD66800F23ED0 /* Debug */ = {
			isa = XCBuildConfiguration;
			buildSettings = {
				ASSETCATALOG_COMPILER_APPICON_NAME = "App Icon & Top Shelf Image";
				CODE_SIGN_STYLE = Automatic;
				DEVELOPMENT_TEAM = 6LMYPJV5KV;
				ENABLE_PREVIEWS = YES;
				INFOPLIST_FILE = tvOS/Info.plist;
				LD_RUNPATH_SEARCH_PATHS = (
					"$(inherited)",
					"@executable_path/Frameworks",
				);
				PRODUCT_BUNDLE_IDENTIFIER = com.hiddenjester.swatches;
				PRODUCT_NAME = Swatches;
				SDKROOT = appletvos;
				SWIFT_VERSION = 5.0;
				TARGETED_DEVICE_FAMILY = 3;
				TVOS_DEPLOYMENT_TARGET = 13.0;
			};
			name = Debug;
		};
		3B2C7EB7239AD66800F23ED0 /* Release */ = {
			isa = XCBuildConfiguration;
			buildSettings = {
				ASSETCATALOG_COMPILER_APPICON_NAME = "App Icon & Top Shelf Image";
				CODE_SIGN_STYLE = Automatic;
				DEVELOPMENT_TEAM = 6LMYPJV5KV;
				ENABLE_PREVIEWS = YES;
				INFOPLIST_FILE = tvOS/Info.plist;
				LD_RUNPATH_SEARCH_PATHS = (
					"$(inherited)",
					"@executable_path/Frameworks",
				);
				PRODUCT_BUNDLE_IDENTIFIER = com.hiddenjester.swatches;
				PRODUCT_NAME = Swatches;
				SDKROOT = appletvos;
				SWIFT_VERSION = 5.0;
				TARGETED_DEVICE_FAMILY = 3;
				TVOS_DEPLOYMENT_TARGET = 13.0;
			};
			name = Release;
		};
		3B53C1352397002F0047B8EE /* Debug */ = {
			isa = XCBuildConfiguration;
			buildSettings = {
				ALWAYS_EMBED_SWIFT_STANDARD_LIBRARIES = YES;
				ASSETCATALOG_COMPILER_APPICON_NAME = AppIcon;
				CODE_SIGN_IDENTITY = "iPhone Developer";
				CODE_SIGN_STYLE = Manual;
				DEVELOPMENT_TEAM = 6LMYPJV5KV;
				IBSC_MODULE = Swatches_watchOS_WatchKit_Extension;
				INFOPLIST_FILE = "watchOS App/Info.plist";
				PRODUCT_BUNDLE_IDENTIFIER = com.hiddenjester.swatches.watchkitapp;
				PRODUCT_NAME = Swatches;
				PROVISIONING_PROFILE_SPECIFIER = "match Development com.hiddenjester.swatches.watchkitapp";
				SDKROOT = watchos;
				SKIP_INSTALL = YES;
				SWIFT_VERSION = 5.0;
				TARGETED_DEVICE_FAMILY = 4;
				WATCHOS_DEPLOYMENT_TARGET = 6.0;
			};
			name = Debug;
		};
		3B53C1362397002F0047B8EE /* Release */ = {
			isa = XCBuildConfiguration;
			buildSettings = {
				ALWAYS_EMBED_SWIFT_STANDARD_LIBRARIES = YES;
				ASSETCATALOG_COMPILER_APPICON_NAME = AppIcon;
				CODE_SIGN_IDENTITY = "iPhone Distribution";
				CODE_SIGN_STYLE = Manual;
				DEVELOPMENT_TEAM = 6LMYPJV5KV;
				IBSC_MODULE = Swatches_watchOS_WatchKit_Extension;
				INFOPLIST_FILE = "watchOS App/Info.plist";
				PRODUCT_BUNDLE_IDENTIFIER = com.hiddenjester.swatches.watchkitapp;
				PRODUCT_NAME = Swatches;
				PROVISIONING_PROFILE_SPECIFIER = "match AppStore com.hiddenjester.swatches.watchkitapp";
				SDKROOT = watchos;
				SKIP_INSTALL = YES;
				SWIFT_VERSION = 5.0;
				TARGETED_DEVICE_FAMILY = 4;
				WATCHOS_DEPLOYMENT_TARGET = 6.0;
			};
			name = Release;
		};
		3B53C1382397002F0047B8EE /* Debug */ = {
			isa = XCBuildConfiguration;
			buildSettings = {
				CODE_SIGN_IDENTITY = "iPhone Developer";
				CODE_SIGN_STYLE = Manual;
				DEVELOPMENT_TEAM = 6LMYPJV5KV;
				ENABLE_PREVIEWS = YES;
				INFOPLIST_FILE = "watchOS Extension/Info.plist";
				LD_RUNPATH_SEARCH_PATHS = (
					"$(inherited)",
					"@executable_path/Frameworks",
					"@executable_path/../../Frameworks",
				);
				PRODUCT_BUNDLE_IDENTIFIER = com.hiddenjester.swatches.watchkitapp.watchkitextension;
				PRODUCT_NAME = "Swatches-watchOS WatchKit Extension";
				PROVISIONING_PROFILE_SPECIFIER = "match Development com.hiddenjester.swatches.watchkitapp.watchkitextension";
				SDKROOT = watchos;
				SKIP_INSTALL = YES;
				SWIFT_VERSION = 5.0;
				TARGETED_DEVICE_FAMILY = 4;
				WATCHOS_DEPLOYMENT_TARGET = 6.0;
			};
			name = Debug;
		};
		3B53C1392397002F0047B8EE /* Release */ = {
			isa = XCBuildConfiguration;
			buildSettings = {
				CODE_SIGN_IDENTITY = "iPhone Distribution";
				CODE_SIGN_STYLE = Manual;
				DEVELOPMENT_TEAM = 6LMYPJV5KV;
				ENABLE_PREVIEWS = YES;
				INFOPLIST_FILE = "watchOS Extension/Info.plist";
				LD_RUNPATH_SEARCH_PATHS = (
					"$(inherited)",
					"@executable_path/Frameworks",
					"@executable_path/../../Frameworks",
				);
				PRODUCT_BUNDLE_IDENTIFIER = com.hiddenjester.swatches.watchkitapp.watchkitextension;
				PRODUCT_NAME = "Swatches-watchOS WatchKit Extension";
				PROVISIONING_PROFILE_SPECIFIER = "match AppStore com.hiddenjester.swatches.watchkitapp.watchkitextension";
				SDKROOT = watchos;
				SKIP_INSTALL = YES;
				SWIFT_VERSION = 5.0;
				TARGETED_DEVICE_FAMILY = 4;
				WATCHOS_DEPLOYMENT_TARGET = 6.0;
			};
			name = Release;
		};
		3BB3D5E92376135C009CE90F /* Debug */ = {
			isa = XCBuildConfiguration;
			buildSettings = {
				ALWAYS_SEARCH_USER_PATHS = NO;
				CLANG_ANALYZER_NONNULL = YES;
				CLANG_ANALYZER_NUMBER_OBJECT_CONVERSION = YES_AGGRESSIVE;
				CLANG_CXX_LANGUAGE_STANDARD = "gnu++14";
				CLANG_CXX_LIBRARY = "libc++";
				CLANG_ENABLE_MODULES = YES;
				CLANG_ENABLE_OBJC_ARC = YES;
				CLANG_ENABLE_OBJC_WEAK = YES;
				CLANG_WARN_BLOCK_CAPTURE_AUTORELEASING = YES;
				CLANG_WARN_BOOL_CONVERSION = YES;
				CLANG_WARN_COMMA = YES;
				CLANG_WARN_CONSTANT_CONVERSION = YES;
				CLANG_WARN_DEPRECATED_OBJC_IMPLEMENTATIONS = YES;
				CLANG_WARN_DIRECT_OBJC_ISA_USAGE = YES_ERROR;
				CLANG_WARN_DOCUMENTATION_COMMENTS = YES;
				CLANG_WARN_EMPTY_BODY = YES;
				CLANG_WARN_ENUM_CONVERSION = YES;
				CLANG_WARN_INFINITE_RECURSION = YES;
				CLANG_WARN_INT_CONVERSION = YES;
				CLANG_WARN_NON_LITERAL_NULL_CONVERSION = YES;
				CLANG_WARN_OBJC_IMPLICIT_RETAIN_SELF = YES;
				CLANG_WARN_OBJC_LITERAL_CONVERSION = YES;
				CLANG_WARN_OBJC_ROOT_CLASS = YES_ERROR;
				CLANG_WARN_QUOTED_INCLUDE_IN_FRAMEWORK_HEADER = YES;
				CLANG_WARN_RANGE_LOOP_ANALYSIS = YES;
				CLANG_WARN_STRICT_PROTOTYPES = YES;
				CLANG_WARN_SUSPICIOUS_MOVE = YES;
				CLANG_WARN_UNGUARDED_AVAILABILITY = YES_AGGRESSIVE;
				CLANG_WARN_UNREACHABLE_CODE = YES;
				CLANG_WARN__DUPLICATE_METHOD_MATCH = YES;
				COPY_PHASE_STRIP = NO;
				DEBUG_INFORMATION_FORMAT = dwarf;
				ENABLE_STRICT_OBJC_MSGSEND = YES;
				ENABLE_TESTABILITY = YES;
				GCC_C_LANGUAGE_STANDARD = gnu11;
				GCC_DYNAMIC_NO_PIC = NO;
				GCC_NO_COMMON_BLOCKS = YES;
				GCC_OPTIMIZATION_LEVEL = 0;
				GCC_PREPROCESSOR_DEFINITIONS = (
					"DEBUG=1",
					"$(inherited)",
				);
				GCC_WARN_64_TO_32_BIT_CONVERSION = YES;
				GCC_WARN_ABOUT_RETURN_TYPE = YES_ERROR;
				GCC_WARN_UNDECLARED_SELECTOR = YES;
				GCC_WARN_UNINITIALIZED_AUTOS = YES_AGGRESSIVE;
				GCC_WARN_UNUSED_FUNCTION = YES;
				GCC_WARN_UNUSED_VARIABLE = YES;
				IPHONEOS_DEPLOYMENT_TARGET = 13.2;
				MARKETING_VERSION = 1.2;
				MTL_ENABLE_DEBUG_INFO = INCLUDE_SOURCE;
				MTL_FAST_MATH = YES;
				ONLY_ACTIVE_ARCH = YES;
				SDKROOT = iphoneos;
				SWIFT_ACTIVE_COMPILATION_CONDITIONS = DEBUG;
				SWIFT_OPTIMIZATION_LEVEL = "-Onone";
			};
			name = Debug;
		};
		3BB3D5EA2376135C009CE90F /* Release */ = {
			isa = XCBuildConfiguration;
			buildSettings = {
				ALWAYS_SEARCH_USER_PATHS = NO;
				CLANG_ANALYZER_NONNULL = YES;
				CLANG_ANALYZER_NUMBER_OBJECT_CONVERSION = YES_AGGRESSIVE;
				CLANG_CXX_LANGUAGE_STANDARD = "gnu++14";
				CLANG_CXX_LIBRARY = "libc++";
				CLANG_ENABLE_MODULES = YES;
				CLANG_ENABLE_OBJC_ARC = YES;
				CLANG_ENABLE_OBJC_WEAK = YES;
				CLANG_WARN_BLOCK_CAPTURE_AUTORELEASING = YES;
				CLANG_WARN_BOOL_CONVERSION = YES;
				CLANG_WARN_COMMA = YES;
				CLANG_WARN_CONSTANT_CONVERSION = YES;
				CLANG_WARN_DEPRECATED_OBJC_IMPLEMENTATIONS = YES;
				CLANG_WARN_DIRECT_OBJC_ISA_USAGE = YES_ERROR;
				CLANG_WARN_DOCUMENTATION_COMMENTS = YES;
				CLANG_WARN_EMPTY_BODY = YES;
				CLANG_WARN_ENUM_CONVERSION = YES;
				CLANG_WARN_INFINITE_RECURSION = YES;
				CLANG_WARN_INT_CONVERSION = YES;
				CLANG_WARN_NON_LITERAL_NULL_CONVERSION = YES;
				CLANG_WARN_OBJC_IMPLICIT_RETAIN_SELF = YES;
				CLANG_WARN_OBJC_LITERAL_CONVERSION = YES;
				CLANG_WARN_OBJC_ROOT_CLASS = YES_ERROR;
				CLANG_WARN_QUOTED_INCLUDE_IN_FRAMEWORK_HEADER = YES;
				CLANG_WARN_RANGE_LOOP_ANALYSIS = YES;
				CLANG_WARN_STRICT_PROTOTYPES = YES;
				CLANG_WARN_SUSPICIOUS_MOVE = YES;
				CLANG_WARN_UNGUARDED_AVAILABILITY = YES_AGGRESSIVE;
				CLANG_WARN_UNREACHABLE_CODE = YES;
				CLANG_WARN__DUPLICATE_METHOD_MATCH = YES;
				COPY_PHASE_STRIP = NO;
				DEBUG_INFORMATION_FORMAT = "dwarf-with-dsym";
				ENABLE_NS_ASSERTIONS = NO;
				ENABLE_STRICT_OBJC_MSGSEND = YES;
				GCC_C_LANGUAGE_STANDARD = gnu11;
				GCC_NO_COMMON_BLOCKS = YES;
				GCC_WARN_64_TO_32_BIT_CONVERSION = YES;
				GCC_WARN_ABOUT_RETURN_TYPE = YES_ERROR;
				GCC_WARN_UNDECLARED_SELECTOR = YES;
				GCC_WARN_UNINITIALIZED_AUTOS = YES_AGGRESSIVE;
				GCC_WARN_UNUSED_FUNCTION = YES;
				GCC_WARN_UNUSED_VARIABLE = YES;
				IPHONEOS_DEPLOYMENT_TARGET = 13.2;
				MARKETING_VERSION = 1.2;
				MTL_ENABLE_DEBUG_INFO = NO;
				MTL_FAST_MATH = YES;
				SDKROOT = iphoneos;
				SWIFT_COMPILATION_MODE = wholemodule;
				SWIFT_OPTIMIZATION_LEVEL = "-O";
				VALIDATE_PRODUCT = YES;
			};
			name = Release;
		};
		3BB3D5EC2376135C009CE90F /* Debug */ = {
			isa = XCBuildConfiguration;
			buildSettings = {
				ASSETCATALOG_COMPILER_APPICON_NAME = AppIcon;
				CODE_SIGN_ENTITLEMENTS = iOS/Swatches.entitlements;
				CODE_SIGN_IDENTITY = "iPhone Developer";
				CODE_SIGN_STYLE = Manual;
				DERIVE_MACCATALYST_PRODUCT_BUNDLE_IDENTIFIER = YES;
				DEVELOPMENT_TEAM = 6LMYPJV5KV;
				ENABLE_PREVIEWS = YES;
				GCC_TREAT_WARNINGS_AS_ERRORS = YES;
				INFOPLIST_FILE = iOS/Info.plist;
				IPHONEOS_DEPLOYMENT_TARGET = 13.0;
				LD_RUNPATH_SEARCH_PATHS = (
					"$(inherited)",
					"@executable_path/Frameworks",
				);
				PRODUCT_BUNDLE_IDENTIFIER = com.hiddenjester.swatches;
				PRODUCT_NAME = "$(TARGET_NAME)";
				PROVISIONING_PROFILE_SPECIFIER = "match Development com.hiddenjester.swatches";
				"PROVISIONING_PROFILE_SPECIFIER[sdk=macosx*]" = "";
				SUPPORTS_MACCATALYST = YES;
				SWIFT_TREAT_WARNINGS_AS_ERRORS = YES;
				SWIFT_VERSION = 5.0;
				TARGETED_DEVICE_FAMILY = "1,2";
			};
			name = Debug;
		};
		3BB3D5ED2376135C009CE90F /* Release */ = {
			isa = XCBuildConfiguration;
			buildSettings = {
				ASSETCATALOG_COMPILER_APPICON_NAME = AppIcon;
				CODE_SIGN_ENTITLEMENTS = iOS/Swatches.entitlements;
				CODE_SIGN_IDENTITY = "iPhone Distribution";
				CODE_SIGN_STYLE = Manual;
				DERIVE_MACCATALYST_PRODUCT_BUNDLE_IDENTIFIER = YES;
				DEVELOPMENT_TEAM = 6LMYPJV5KV;
				ENABLE_PREVIEWS = YES;
				GCC_TREAT_WARNINGS_AS_ERRORS = YES;
				INFOPLIST_FILE = iOS/Info.plist;
				IPHONEOS_DEPLOYMENT_TARGET = 13.0;
				LD_RUNPATH_SEARCH_PATHS = (
					"$(inherited)",
					"@executable_path/Frameworks",
				);
				PRODUCT_BUNDLE_IDENTIFIER = com.hiddenjester.swatches;
				PRODUCT_NAME = "$(TARGET_NAME)";
				PROVISIONING_PROFILE_SPECIFIER = "match AppStore com.hiddenjester.swatches";
				"PROVISIONING_PROFILE_SPECIFIER[sdk=macosx*]" = "";
				SUPPORTS_MACCATALYST = YES;
				SWIFT_TREAT_WARNINGS_AS_ERRORS = YES;
				SWIFT_VERSION = 5.0;
				TARGETED_DEVICE_FAMILY = "1,2";
			};
			name = Release;
		};
		3BB5C84B23E8A7D4004AF637 /* Debug */ = {
			isa = XCBuildConfiguration;
			buildSettings = {
				CODE_SIGN_STYLE = Automatic;
				DEVELOPMENT_TEAM = 6LMYPJV5KV;
				INFOPLIST_FILE = iOS/SwatchesiOSScreenshotsUITests/Info.plist;
				LD_RUNPATH_SEARCH_PATHS = (
					"$(inherited)",
					"@executable_path/Frameworks",
					"@loader_path/Frameworks",
				);
				PRODUCT_BUNDLE_IDENTIFIER = com.hiddenjester.SwatchesiOSScreenshotsUITests;
				PRODUCT_NAME = "$(TARGET_NAME)";
				SWIFT_VERSION = 5.0;
				TARGETED_DEVICE_FAMILY = "1,2";
				TEST_TARGET_NAME = Swatches;
			};
			name = Debug;
		};
		3BB5C84C23E8A7D4004AF637 /* Release */ = {
			isa = XCBuildConfiguration;
			buildSettings = {
				CODE_SIGN_STYLE = Automatic;
				DEVELOPMENT_TEAM = 6LMYPJV5KV;
				INFOPLIST_FILE = iOS/SwatchesiOSScreenshotsUITests/Info.plist;
				LD_RUNPATH_SEARCH_PATHS = (
					"$(inherited)",
					"@executable_path/Frameworks",
					"@loader_path/Frameworks",
				);
				PRODUCT_BUNDLE_IDENTIFIER = com.hiddenjester.SwatchesiOSScreenshotsUITests;
				PRODUCT_NAME = "$(TARGET_NAME)";
				SWIFT_VERSION = 5.0;
				TARGETED_DEVICE_FAMILY = "1,2";
				TEST_TARGET_NAME = Swatches;
			};
			name = Release;
		};
/* End XCBuildConfiguration section */

/* Begin XCConfigurationList section */
		3B2C7EB8239AD66800F23ED0 /* Build configuration list for PBXNativeTarget "Swatches-tvOS" */ = {
			isa = XCConfigurationList;
			buildConfigurations = (
				3B2C7EB6239AD66800F23ED0 /* Debug */,
				3B2C7EB7239AD66800F23ED0 /* Release */,
			);
			defaultConfigurationIsVisible = 0;
			defaultConfigurationName = Release;
		};
		3B53C13A2397002F0047B8EE /* Build configuration list for PBXNativeTarget "Swatches-watchOS WatchKit Extension" */ = {
			isa = XCConfigurationList;
			buildConfigurations = (
				3B53C1382397002F0047B8EE /* Debug */,
				3B53C1392397002F0047B8EE /* Release */,
			);
			defaultConfigurationIsVisible = 0;
			defaultConfigurationName = Release;
		};
		3B53C13B2397002F0047B8EE /* Build configuration list for PBXNativeTarget "Swatches-watchOS WatchKit App" */ = {
			isa = XCConfigurationList;
			buildConfigurations = (
				3B53C1352397002F0047B8EE /* Debug */,
				3B53C1362397002F0047B8EE /* Release */,
			);
			defaultConfigurationIsVisible = 0;
			defaultConfigurationName = Release;
		};
		3BB3D5D22376135B009CE90F /* Build configuration list for PBXProject "Swatches" */ = {
			isa = XCConfigurationList;
			buildConfigurations = (
				3BB3D5E92376135C009CE90F /* Debug */,
				3BB3D5EA2376135C009CE90F /* Release */,
			);
			defaultConfigurationIsVisible = 0;
			defaultConfigurationName = Release;
		};
		3BB3D5EB2376135C009CE90F /* Build configuration list for PBXNativeTarget "Swatches" */ = {
			isa = XCConfigurationList;
			buildConfigurations = (
				3BB3D5EC2376135C009CE90F /* Debug */,
				3BB3D5ED2376135C009CE90F /* Release */,
			);
			defaultConfigurationIsVisible = 0;
			defaultConfigurationName = Release;
		};
		3BB5C84D23E8A7D4004AF637 /* Build configuration list for PBXNativeTarget "SwatchesiOSScreenshotsUITests" */ = {
			isa = XCConfigurationList;
			buildConfigurations = (
				3BB5C84B23E8A7D4004AF637 /* Debug */,
				3BB5C84C23E8A7D4004AF637 /* Release */,
			);
			defaultConfigurationIsVisible = 0;
			defaultConfigurationName = Release;
		};
/* End XCConfigurationList section */
	};
	rootObject = 3BB3D5CF2376135B009CE90F /* Project object */;
}
